
Microsoft Visual Studio Solution File, Format Version 12.00
# Visual Studio Version 17
VisualStudioVersion = 17.9.34728.123
MinimumVisualStudioVersion = 10.0.40219.1
Project("{9A19103F-16F7-4668-BE54-9A1E7A4F7556}") = "Quadro.Geo", "Quadro.Geo\Quadro.Geo.csproj", "{502C531E-7A57-40DD-9D88-28CF4E8DBBBF}"
EndProject
Project("{9A19103F-16F7-4668-BE54-9A1E7A4F7556}") = "Quadro.Documents.Sdk", "Quadro.Documents.Sdk\Quadro.Documents.Sdk.csproj", "{1114C26F-541F-49B1-8FD8-83E39273FFC0}"
EndProject
Project("{9A19103F-16F7-4668-BE54-9A1E7A4F7556}") = "Quadro.Interface.Sdk", "Quadro.Interface.Sdk\Quadro.Interface.Sdk.csproj", "{23C5B0B9-7A11-4A3D-AAC0-D7532C374CFA}"
EndProject
Project("{9A19103F-16F7-4668-BE54-9A1E7A4F7556}") = "Quadro.Utils", "Quadro.Utils\Quadro.Utils.csproj", "{C00DB6C0-FEC1-4157-ABB0-C072DB533825}"
EndProject
Project("{9A19103F-16F7-4668-BE54-9A1E7A4F7556}") = "Quadro.DataModel.Sdk", "Quadro.DataModel.Sdk\Quadro.DataModel.Sdk.csproj", "{17D29F51-A721-48C0-B88E-E58EBF9740B4}"
EndProject
Project("{9A19103F-16F7-4668-BE54-9A1E7A4F7556}") = "Quadro.Globalization", "Quadro.Globalization\Quadro.Globalization.csproj", "{ADA598A2-2B75-49B4-8F80-DA6633FA3DBB}"
EndProject
Project("{9A19103F-16F7-4668-BE54-9A1E7A4F7556}") = "Quadro.Api", "Quadro.Api\Quadro.Api.csproj", "{5A8FB6F4-B521-4FDE-9E3A-805A29362557}"
EndProject
Project("{2150E333-8FDC-42A3-9474-1A3956D46DE8}") = "Examples", "Examples", "{98CC0C7B-5077-4D4F-BA4C-89FB884CFB20}"
EndProject
Project("{9A19103F-16F7-4668-BE54-9A1E7A4F7556}") = "Quadro.UnitOfWorkExample.App", "Quadro.UnitOfWorkExample.App\Quadro.UnitOfWorkExample.App.csproj", "{1DE8071B-9C96-4BF0-B998-18CAFA666705}"
EndProject
Project("{FAE04EC0-301F-11D3-BF4B-00C04F79EFBC}") = "Quadro.ShopFloor.Sdk", "Quadro.ShopFloor.Sdk\Quadro.ShopFloor.Sdk.csproj", "{F24966CA-6984-465A-857E-0A33D2885B1B}"
EndProject
Global
	GlobalSection(SolutionConfigurationPlatforms) = preSolution
		Debug|Any CPU = Debug|Any CPU
		Release|Any CPU = Release|Any CPU
	EndGlobalSection
	GlobalSection(ProjectConfigurationPlatforms) = postSolution
		{502C531E-7A57-40DD-9D88-28CF4E8DBBBF}.Debug|Any CPU.ActiveCfg = Debug|Any CPU
		{502C531E-7A57-40DD-9D88-28CF4E8DBBBF}.Debug|Any CPU.Build.0 = Debug|Any CPU
		{502C531E-7A57-40DD-9D88-28CF4E8DBBBF}.Release|Any CPU.ActiveCfg = Release|Any CPU
		{502C531E-7A57-40DD-9D88-28CF4E8DBBBF}.Release|Any CPU.Build.0 = Release|Any CPU
		{1114C26F-541F-49B1-8FD8-83E39273FFC0}.Debug|Any CPU.ActiveCfg = Debug|Any CPU
		{1114C26F-541F-49B1-8FD8-83E39273FFC0}.Debug|Any CPU.Build.0 = Debug|Any CPU
		{1114C26F-541F-49B1-8FD8-83E39273FFC0}.Release|Any CPU.ActiveCfg = Release|Any CPU
		{1114C26F-541F-49B1-8FD8-83E39273FFC0}.Release|Any CPU.Build.0 = Release|Any CPU
		{23C5B0B9-7A11-4A3D-AAC0-D7532C374CFA}.Debug|Any CPU.ActiveCfg = Debug|Any CPU
		{23C5B0B9-7A11-4A3D-AAC0-D7532C374CFA}.Debug|Any CPU.Build.0 = Debug|Any CPU
		{23C5B0B9-7A11-4A3D-AAC0-D7532C374CFA}.Release|Any CPU.ActiveCfg = Release|Any CPU
		{23C5B0B9-7A11-4A3D-AAC0-D7532C374CFA}.Release|Any CPU.Build.0 = Release|Any CPU
		{C00DB6C0-FEC1-4157-ABB0-C072DB533825}.Debug|Any CPU.ActiveCfg = Debug|Any CPU
		{C00DB6C0-FEC1-4157-ABB0-C072DB533825}.Debug|Any CPU.Build.0 = Debug|Any CPU
		{C00DB6C0-FEC1-4157-ABB0-C072DB533825}.Release|Any CPU.ActiveCfg = Release|Any CPU
		{C00DB6C0-FEC1-4157-ABB0-C072DB533825}.Release|Any CPU.Build.0 = Release|Any CPU
		{17D29F51-A721-48C0-B88E-E58EBF9740B4}.Debug|Any CPU.ActiveCfg = Debug|Any CPU
		{17D29F51-A721-48C0-B88E-E58EBF9740B4}.Debug|Any CPU.Build.0 = Debug|Any CPU
		{17D29F51-A721-48C0-B88E-E58EBF9740B4}.Release|Any CPU.ActiveCfg = Release|Any CPU
		{17D29F51-A721-48C0-B88E-E58EBF9740B4}.Release|Any CPU.Build.0 = Release|Any CPU
		{ADA598A2-2B75-49B4-8F80-DA6633FA3DBB}.Debug|Any CPU.ActiveCfg = Debug|Any CPU
		{ADA598A2-2B75-49B4-8F80-DA6633FA3DBB}.Debug|Any CPU.Build.0 = Debug|Any CPU
		{ADA598A2-2B75-49B4-8F80-DA6633FA3DBB}.Release|Any CPU.ActiveCfg = Release|Any CPU
		{ADA598A2-2B75-49B4-8F80-DA6633FA3DBB}.Release|Any CPU.Build.0 = Release|Any CPU
		{5A8FB6F4-B521-4FDE-9E3A-805A29362557}.Debug|Any CPU.ActiveCfg = Debug|Any CPU
		{5A8FB6F4-B521-4FDE-9E3A-805A29362557}.Debug|Any CPU.Build.0 = Debug|Any CPU
		{5A8FB6F4-B521-4FDE-9E3A-805A29362557}.Release|Any CPU.ActiveCfg = Release|Any CPU
		{5A8FB6F4-B521-4FDE-9E3A-805A29362557}.Release|Any CPU.Build.0 = Release|Any CPU
		{1DE8071B-9C96-4BF0-B998-18CAFA666705}.Debug|Any CPU.ActiveCfg = Debug|Any CPU
		{1DE8071B-9C96-4BF0-B998-18CAFA666705}.Debug|Any CPU.Build.0 = Debug|Any CPU
		{1DE8071B-9C96-4BF0-B998-18CAFA666705}.Release|Any CPU.ActiveCfg = Release|Any CPU
		{1DE8071B-9C96-4BF0-B998-18CAFA666705}.Release|Any CPU.Build.0 = Release|Any CPU
		{F24966CA-6984-465A-857E-0A33D2885B1B}.Debug|Any CPU.ActiveCfg = Debug|Any CPU
		{F24966CA-6984-465A-857E-0A33D2885B1B}.Debug|Any CPU.Build.0 = Debug|Any CPU
		{F24966CA-6984-465A-857E-0A33D2885B1B}.Release|Any CPU.ActiveCfg = Release|Any CPU
		{F24966CA-6984-465A-857E-0A33D2885B1B}.Release|Any CPU.Build.0 = Release|Any CPU
	EndGlobalSection
	GlobalSection(SolutionProperties) = preSolution
		HideSolutionNode = FALSE
	EndGlobalSection
	GlobalSection(NestedProjects) = preSolution
		{1DE8071B-9C96-4BF0-B998-18CAFA666705} = {98CC0C7B-5077-4D4F-BA4C-89FB884CFB20}
	EndGlobalSection
	GlobalSection(ExtensibilityGlobals) = postSolution
		SolutionGuid = {FE3A80DE-D161-4449-9881-8583F9A678DD}
	EndGlobalSection
EndGlobal
